
Microsoft Visual Studio Solution File, Format Version 12.00
# Visual Studio Version 16
VisualStudioVersion = 16.0.30309.148
MinimumVisualStudioVersion = 10.0.40219.1
Project("{FAE04EC0-301F-11D3-BF4B-00C04F79EFBC}") = "WebApplication2", "WebApplication2\WebApplication2.csproj", "{4EEFE29C-5978-47C7-A6DD-FEDA4801533D}"
EndProject
Global
	GlobalSection(SolutionConfigurationPlatforms) = preSolution
		Debug|Any CPU = Debug|Any CPU
		Release|Any CPU = Release|Any CPU
	EndGlobalSection
	GlobalSection(ProjectConfigurationPlatforms) = postSolution
		{4EEFE29C-5978-47C7-A6DD-FEDA4801533D}.Debug|Any CPU.ActiveCfg = Debug|Any CPU
		{4EEFE29C-5978-47C7-A6DD-FEDA4801533D}.Debug|Any CPU.Build.0 = Debug|Any CPU
		{4EEFE29C-5978-47C7-A6DD-FEDA4801533D}.Release|Any CPU.ActiveCfg = Release|Any CPU
		{4EEFE29C-5978-47C7-A6DD-FEDA4801533D}.Release|Any CPU.Build.0 = Release|Any CPU
	EndGlobalSection
	GlobalSection(SolutionProperties) = preSolution
		HideSolutionNode = FALSE
	EndGlobalSection
	GlobalSection(ExtensibilityGlobals) = postSolution
		SolutionGuid = {8BD10A04-5E8E-4CB1-B00B-AD3E143D4D1B}
	EndGlobalSection
EndGlobal
